
Microsoft Visual Studio Solution File, Format Version 12.00
# Visual Studio Version 16
VisualStudioVersion = 16.0.31729.503
MinimumVisualStudioVersion = 10.0.40219.1
Project("{FAE04EC0-301F-11D3-BF4B-00C04F79EFBC}") = "WashingtonBriones3B", "WashingtonBriones3B\WashingtonBriones3B.csproj", "{F4968A3E-2CE8-43E1-8C0D-2E75F45D98B5}"
EndProject
Global
	GlobalSection(SolutionConfigurationPlatforms) = preSolution
		Debug|Any CPU = Debug|Any CPU
		Release|Any CPU = Release|Any CPU
	EndGlobalSection
	GlobalSection(ProjectConfigurationPlatforms) = postSolution
		{F4968A3E-2CE8-43E1-8C0D-2E75F45D98B5}.Debug|Any CPU.ActiveCfg = Debug|Any CPU
		{F4968A3E-2CE8-43E1-8C0D-2E75F45D98B5}.Debug|Any CPU.Build.0 = Debug|Any CPU
		{F4968A3E-2CE8-43E1-8C0D-2E75F45D98B5}.Release|Any CPU.ActiveCfg = Release|Any CPU
		{F4968A3E-2CE8-43E1-8C0D-2E75F45D98B5}.Release|Any CPU.Build.0 = Release|Any CPU
	EndGlobalSection
	GlobalSection(SolutionProperties) = preSolution
		HideSolutionNode = FALSE
	EndGlobalSection
	GlobalSection(ExtensibilityGlobals) = postSolution
		SolutionGuid = {138C1EFD-067D-4833-B563-84C3FBF0DD47}
	EndGlobalSection
EndGlobal
